
Microsoft Visual Studio Solution File, Format Version 12.00
# Visual Studio Version 17
VisualStudioVersion = 17.0.31903.59
MinimumVisualStudioVersion = 10.0.40219.1
Project("{FAE04EC0-301F-11D3-BF4B-00C04F79EFBC}") = "backend.Api", "backend.Api\backend.Api.csproj", "{09A01F8C-AD20-44BB-9228-71BEDBCB1EE9}"
EndProject
Project("{FAE04EC0-301F-11D3-BF4B-00C04F79EFBC}") = "backend.Api.Tests", "backend.Api.Tests\backend.Api.Tests.csproj", "{340D083E-28C9-4C88-96BA-1D838B770692}"
EndProject
Global
	GlobalSection(SolutionConfigurationPlatforms) = preSolution
		Debug|Any CPU = Debug|Any CPU
		Release|Any CPU = Release|Any CPU
	EndGlobalSection
	GlobalSection(SolutionProperties) = preSolution
		HideSolutionNode = FALSE
	EndGlobalSection
	GlobalSection(ProjectConfigurationPlatforms) = postSolution
		{09A01F8C-AD20-44BB-9228-71BEDBCB1EE9}.Debug|Any CPU.ActiveCfg = Debug|Any CPU
		{09A01F8C-AD20-44BB-9228-71BEDBCB1EE9}.Debug|Any CPU.Build.0 = Debug|Any CPU
		{09A01F8C-AD20-44BB-9228-71BEDBCB1EE9}.Release|Any CPU.ActiveCfg = Release|Any CPU
		{09A01F8C-AD20-44BB-9228-71BEDBCB1EE9}.Release|Any CPU.Build.0 = Release|Any CPU
		{340D083E-28C9-4C88-96BA-1D838B770692}.Debug|Any CPU.ActiveCfg = Debug|Any CPU
		{340D083E-28C9-4C88-96BA-1D838B770692}.Debug|Any CPU.Build.0 = Debug|Any CPU
		{340D083E-28C9-4C88-96BA-1D838B770692}.Release|Any CPU.ActiveCfg = Release|Any CPU
		{340D083E-28C9-4C88-96BA-1D838B770692}.Release|Any CPU.Build.0 = Release|Any CPU
	EndGlobalSection
EndGlobal
